// !$*UTF8*$!
{
	archiveVersion = 1;
	classes = {
	};
	objectVersion = 56;
	objects = {

/* Begin PBXBuildFile section */
		1AC9F2732C07CCF000E36BA7 /* TravelApp.swift in Sources */ = {isa = PBXBuildFile; fileRef = 1AC9F2722C07CCF000E36BA7 /* TravelApp.swift */; };
		1AC9F2752C07CCF000E36BA7 /* ContentView.swift in Sources */ = {isa = PBXBuildFile; fileRef = 1AC9F2742C07CCF000E36BA7 /* ContentView.swift */; };
		1AC9F2772C07CCF200E36BA7 /* Assets.xcassets in Resources */ = {isa = PBXBuildFile; fileRef = 1AC9F2762C07CCF200E36BA7 /* Assets.xcassets */; };
		1AC9F27A2C07CCF200E36BA7 /* Preview Assets.xcassets in Resources */ = {isa = PBXBuildFile; fileRef = 1AC9F2792C07CCF200E36BA7 /* Preview Assets.xcassets */; };
		1AC9F2842C08109F00E36BA7 /* Destination.swift in Sources */ = {isa = PBXBuildFile; fileRef = 1AC9F2832C08109F00E36BA7 /* Destination.swift */; };
		1AC9F28A2C0810E100E36BA7 /* MainScreenView.swift in Sources */ = {isa = PBXBuildFile; fileRef = 1AC9F2892C0810E100E36BA7 /* MainScreenView.swift */; };
		1AC9F28C2C0810EF00E36BA7 /* DestinationListItem.swift in Sources */ = {isa = PBXBuildFile; fileRef = 1AC9F28B2C0810EF00E36BA7 /* DestinationListItem.swift */; };
		1AC9F28E2C0810F900E36BA7 /* DestinationDetailScreen.swift in Sources */ = {isa = PBXBuildFile; fileRef = 1AC9F28D2C0810F900E36BA7 /* DestinationDetailScreen.swift */; };
		1AC9F2902C08110100E36BA7 /* DestinationInfoLinks.swift in Sources */ = {isa = PBXBuildFile; fileRef = 1AC9F28F2C08110100E36BA7 /* DestinationInfoLinks.swift */; };
		1AC9F29C2C08177000E36BA7 /* DataStore.swift in Sources */ = {isa = PBXBuildFile; fileRef = 1AC9F29B2C08177000E36BA7 /* DataStore.swift */; };
		1AC9F29E2C0817D700E36BA7 /* InfoView.swift in Sources */ = {isa = PBXBuildFile; fileRef = 1AC9F29D2C0817D700E36BA7 /* InfoView.swift */; };
		1AC9F2A12C081BED00E36BA7 /* DestinationListItemView.swift in Sources */ = {isa = PBXBuildFile; fileRef = 1AC9F2A02C081BED00E36BA7 /* DestinationListItemView.swift */; };
		1AC9F2A32C081C9100E36BA7 /* DestinationViewModel.swift in Sources */ = {isa = PBXBuildFile; fileRef = 1AC9F2A22C081C9100E36BA7 /* DestinationViewModel.swift */; };
/* End PBXBuildFile section */

/* Begin PBXFileReference section */
		1AC9F26F2C07CCF000E36BA7 /* Travel.app */ = {isa = PBXFileReference; explicitFileType = wrapper.application; includeInIndex = 0; path = Travel.app; sourceTree = BUILT_PRODUCTS_DIR; };
		1AC9F2722C07CCF000E36BA7 /* TravelApp.swift */ = {isa = PBXFileReference; lastKnownFileType = sourcecode.swift; path = TravelApp.swift; sourceTree = "<group>"; };
		1AC9F2742C07CCF000E36BA7 /* ContentView.swift */ = {isa = PBXFileReference; lastKnownFileType = sourcecode.swift; path = ContentView.swift; sourceTree = "<group>"; };
		1AC9F2762C07CCF200E36BA7 /* Assets.xcassets */ = {isa = PBXFileReference; lastKnownFileType = folder.assetcatalog; path = Assets.xcassets; sourceTree = "<group>"; };
		1AC9F2792C07CCF200E36BA7 /* Preview Assets.xcassets */ = {isa = PBXFileReference; lastKnownFileType = folder.assetcatalog; path = "Preview Assets.xcassets"; sourceTree = "<group>"; };
		1AC9F2832C08109F00E36BA7 /* Destination.swift */ = {isa = PBXFileReference; lastKnownFileType = sourcecode.swift; path = Destination.swift; sourceTree = "<group>"; };
		1AC9F2892C0810E100E36BA7 /* MainScreenView.swift */ = {isa = PBXFileReference; lastKnownFileType = sourcecode.swift; path = MainScreenView.swift; sourceTree = "<group>"; };
		1AC9F28B2C0810EF00E36BA7 /* DestinationListItem.swift */ = {isa = PBXFileReference; lastKnownFileType = sourcecode.swift; path = DestinationListItem.swift; sourceTree = "<group>"; };
		1AC9F28D2C0810F900E36BA7 /* DestinationDetailScreen.swift */ = {isa = PBXFileReference; lastKnownFileType = sourcecode.swift; path = DestinationDetailScreen.swift; sourceTree = "<group>"; };
		1AC9F28F2C08110100E36BA7 /* DestinationInfoLinks.swift */ = {isa = PBXFileReference; lastKnownFileType = sourcecode.swift; path = DestinationInfoLinks.swift; sourceTree = "<group>"; };
		1AC9F29B2C08177000E36BA7 /* DataStore.swift */ = {isa = PBXFileReference; lastKnownFileType = sourcecode.swift; path = DataStore.swift; sourceTree = "<group>"; };
		1AC9F29D2C0817D700E36BA7 /* InfoView.swift */ = {isa = PBXFileReference; lastKnownFileType = sourcecode.swift; path = InfoView.swift; sourceTree = "<group>"; };
		1AC9F2A02C081BED00E36BA7 /* DestinationListItemView.swift */ = {isa = PBXFileReference; lastKnownFileType = sourcecode.swift; path = DestinationListItemView.swift; sourceTree = "<group>"; };
		1AC9F2A22C081C9100E36BA7 /* DestinationViewModel.swift */ = {isa = PBXFileReference; lastKnownFileType = sourcecode.swift; path = DestinationViewModel.swift; sourceTree = "<group>"; };
/* End PBXFileReference section */

/* Begin PBXFrameworksBuildPhase section */
		1AC9F26C2C07CCF000E36BA7 /* Frameworks */ = {
			isa = PBXFrameworksBuildPhase;
			buildActionMask = 2147483647;
			files = (
			);
			runOnlyForDeploymentPostprocessing = 0;
		};
/* End PBXFrameworksBuildPhase section */

/* Begin PBXGroup section */
		1AC9F2662C07CCF000E36BA7 = {
			isa = PBXGroup;
			children = (
				1AC9F2712C07CCF000E36BA7 /* Travel */,
				1AC9F2702C07CCF000E36BA7 /* Products */,
			);
			sourceTree = "<group>";
		};
		1AC9F2702C07CCF000E36BA7 /* Products */ = {
			isa = PBXGroup;
			children = (
				1AC9F26F2C07CCF000E36BA7 /* Travel.app */,
			);
			name = Products;
			sourceTree = "<group>";
		};
		1AC9F2712C07CCF000E36BA7 /* Travel */ = {
			isa = PBXGroup;
			children = (
				1AC9F2722C07CCF000E36BA7 /* TravelApp.swift */,
				1AC9F2822C08109700E36BA7 /* Models */,
				1AC9F2852C0810AA00E36BA7 /* ViewModel */,
				1AC9F2882C0810CD00E36BA7 /* Views */,
				1AC9F2782C07CCF200E36BA7 /* Preview Content */,
			);
			path = Travel;
			sourceTree = "<group>";
		};
		1AC9F2782C07CCF200E36BA7 /* Preview Content */ = {
			isa = PBXGroup;
			children = (
				1AC9F2762C07CCF200E36BA7 /* Assets.xcassets */,
				1AC9F2792C07CCF200E36BA7 /* Preview Assets.xcassets */,
			);
			path = "Preview Content";
			sourceTree = "<group>";
		};
		1AC9F2822C08109700E36BA7 /* Models */ = {
			isa = PBXGroup;
			children = (
				1AC9F2832C08109F00E36BA7 /* Destination.swift */,
			);
			path = Models;
			sourceTree = "<group>";
		};
		1AC9F2852C0810AA00E36BA7 /* ViewModel */ = {
			isa = PBXGroup;
			children = (
				1AC9F2A22C081C9100E36BA7 /* DestinationViewModel.swift */,
			);
			path = ViewModel;
			sourceTree = "<group>";
		};
		1AC9F2882C0810CD00E36BA7 /* Views */ = {
			isa = PBXGroup;
			children = (
				1AC9F2892C0810E100E36BA7 /* MainScreenView.swift */,
				1AC9F2A02C081BED00E36BA7 /* DestinationListItemView.swift */,
				1AC9F28D2C0810F900E36BA7 /* DestinationDetailScreen.swift */,
				1AC9F29D2C0817D700E36BA7 /* InfoView.swift */,
				1AC9F2742C07CCF000E36BA7 /* ContentView.swift */,
				1AC9F28F2C08110100E36BA7 /* DestinationInfoLinks.swift */,
				1AC9F28B2C0810EF00E36BA7 /* DestinationListItem.swift */,
				1AFDCFB32C084924001A66B4 /* Data */,
			);
			path = Views;
			sourceTree = "<group>";
		};
		1AFDCFB32C084924001A66B4 /* Data */ = {
			isa = PBXGroup;
			children = (
				1AC9F29B2C08177000E36BA7 /* DataStore.swift */,
			);
			path = Data;
			sourceTree = "<group>";
		};
/* End PBXGroup section */

/* Begin PBXNativeTarget section */
		1AC9F26E2C07CCF000E36BA7 /* Travel */ = {
			isa = PBXNativeTarget;
			buildConfigurationList = 1AC9F27D2C07CCF200E36BA7 /* Build configuration list for PBXNativeTarget "Travel" */;
			buildPhases = (
				1AC9F26B2C07CCF000E36BA7 /* Sources */,
				1AC9F26C2C07CCF000E36BA7 /* Frameworks */,
				1AC9F26D2C07CCF000E36BA7 /* Resources */,
			);
			buildRules = (
			);
			dependencies = (
			);
			name = Travel;
			productName = Travel;
			productReference = 1AC9F26F2C07CCF000E36BA7 /* Travel.app */;
			productType = "com.apple.product-type.application";
		};
/* End PBXNativeTarget section */

/* Begin PBXProject section */
		1AC9F2672C07CCF000E36BA7 /* Project object */ = {
			isa = PBXProject;
			attributes = {
				BuildIndependentTargetsInParallel = 1;
				LastSwiftUpdateCheck = 1540;
				LastUpgradeCheck = 1540;
				TargetAttributes = {
					1AC9F26E2C07CCF000E36BA7 = {
						CreatedOnToolsVersion = 15.4;
					};
				};
			};
			buildConfigurationList = 1AC9F26A2C07CCF000E36BA7 /* Build configuration list for PBXProject "Travel" */;
			compatibilityVersion = "Xcode 14.0";
			developmentRegion = en;
			hasScannedForEncodings = 0;
			knownRegions = (
				en,
				Base,
			);
			mainGroup = 1AC9F2662C07CCF000E36BA7;
			productRefGroup = 1AC9F2702C07CCF000E36BA7 /* Products */;
			projectDirPath = "";
			projectRoot = "";
			targets = (
				1AC9F26E2C07CCF000E36BA7 /* Travel */,
			);
		};
/* End PBXProject section */

/* Begin PBXResourcesBuildPhase section */
		1AC9F26D2C07CCF000E36BA7 /* Resources */ = {
			isa = PBXResourcesBuildPhase;
			buildActionMask = 2147483647;
			files = (
				1AC9F27A2C07CCF200E36BA7 /* Preview Assets.xcassets in Resources */,
				1AC9F2772C07CCF200E36BA7 /* Assets.xcassets in Resources */,
			);
			runOnlyForDeploymentPostprocessing = 0;
		};
/* End PBXResourcesBuildPhase section */

/* Begin PBXSourcesBuildPhase section */
		1AC9F26B2C07CCF000E36BA7 /* Sources */ = {
			isa = PBXSourcesBuildPhase;
			buildActionMask = 2147483647;
			files = (
				1AC9F2752C07CCF000E36BA7 /* ContentView.swift in Sources */,
				1AC9F29E2C0817D700E36BA7 /* InfoView.swift in Sources */,
				1AC9F28A2C0810E100E36BA7 /* MainScreenView.swift in Sources */,
				1AC9F29C2C08177000E36BA7 /* DataStore.swift in Sources */,
				1AC9F28C2C0810EF00E36BA7 /* DestinationListItem.swift in Sources */,
				1AC9F2732C07CCF000E36BA7 /* TravelApp.swift in Sources */,
				1AC9F2A32C081C9100E36BA7 /* DestinationViewModel.swift in Sources */,
				1AC9F2902C08110100E36BA7 /* DestinationInfoLinks.swift in Sources */,
				1AC9F28E2C0810F900E36BA7 /* DestinationDetailScreen.swift in Sources */,
				1AC9F2A12C081BED00E36BA7 /* DestinationListItemView.swift in Sources */,
				1AC9F2842C08109F00E36BA7 /* Destination.swift in Sources */,
			);
			runOnlyForDeploymentPostprocessing = 0;
		};
/* End PBXSourcesBuildPhase section */

/* Begin XCBuildConfiguration section */
		1AC9F27B2C07CCF200E36BA7 /* Debug */ = {
			isa = XCBuildConfiguration;
			buildSettings = {
				ALWAYS_SEARCH_USER_PATHS = NO;
				ASSETCATALOG_COMPILER_GENERATE_SWIFT_ASSET_SYMBOL_EXTENSIONS = YES;
				CLANG_ANALYZER_NONNULL = YES;
				CLANG_ANALYZER_NUMBER_OBJECT_CONVERSION = YES_AGGRESSIVE;
				CLANG_CXX_LANGUAGE_STANDARD = "gnu++20";
				CLANG_ENABLE_MODULES = YES;
				CLANG_ENABLE_OBJC_ARC = YES;
				CLANG_ENABLE_OBJC_WEAK = YES;
				CLANG_WARN_BLOCK_CAPTURE_AUTORELEASING = YES;
				CLANG_WARN_BOOL_CONVERSION = YES;
				CLANG_WARN_COMMA = YES;
				CLANG_WARN_CONSTANT_CONVERSION = YES;
				CLANG_WARN_DEPRECATED_OBJC_IMPLEMENTATIONS = YES;
				CLANG_WARN_DIRECT_OBJC_ISA_USAGE = YES_ERROR;
				CLANG_WARN_DOCUMENTATION_COMMENTS = YES;
				CLANG_WARN_EMPTY_BODY = YES;
				CLANG_WARN_ENUM_CONVERSION = YES;
				CLANG_WARN_INFINITE_RECURSION = YES;
				CLANG_WARN_INT_CONVERSION = YES;
				CLANG_WARN_NON_LITERAL_NULL_CONVERSION = YES;
				CLANG_WARN_OBJC_IMPLICIT_RETAIN_SELF = YES;
				CLANG_WARN_OBJC_LITERAL_CONVERSION = YES;
				CLANG_WARN_OBJC_ROOT_CLASS = YES_ERROR;
				CLANG_WARN_QUOTED_INCLUDE_IN_FRAMEWORK_HEADER = YES;
				CLANG_WARN_RANGE_LOOP_ANALYSIS = YES;
				CLANG_WARN_STRICT_PROTOTYPES = YES;
				CLANG_WARN_SUSPICIOUS_MOVE = YES;
				CLANG_WARN_UNGUARDED_AVAILABILITY = YES_AGGRESSIVE;
				CLANG_WARN_UNREACHABLE_CODE = YES;
				CLANG_WARN__DUPLICATE_METHOD_MATCH = YES;
				COPY_PHASE_STRIP = NO;
				DEBUG_INFORMATION_FORMAT = dwarf;
				ENABLE_STRICT_OBJC_MSGSEND = YES;
				ENABLE_TESTABILITY = YES;
				ENABLE_USER_SCRIPT_SANDBOXING = YES;
				GCC_C_LANGUAGE_STANDARD = gnu17;
				GCC_DYNAMIC_NO_PIC = NO;
				GCC_NO_COMMON_BLOCKS = YES;
				GCC_OPTIMIZATION_LEVEL = 0;
				GCC_PREPROCESSOR_DEFINITIONS = (
					"DEBUG=1",
					"$(inherited)",
				);
				GCC_WARN_64_TO_32_BIT_CONVERSION = YES;
				GCC_WARN_ABOUT_RETURN_TYPE = YES_ERROR;
				GCC_WARN_UNDECLARED_SELECTOR = YES;
				GCC_WARN_UNINITIALIZED_AUTOS = YES_AGGRESSIVE;
				GCC_WARN_UNUSED_FUNCTION = YES;
				GCC_WARN_UNUSED_VARIABLE = YES;
				IPHONEOS_DEPLOYMENT_TARGET = 17.5;
				LOCALIZATION_PREFERS_STRING_CATALOGS = YES;
				MTL_ENABLE_DEBUG_INFO = INCLUDE_SOURCE;
				MTL_FAST_MATH = YES;
				ONLY_ACTIVE_ARCH = YES;
				SDKROOT = iphoneos;
				SWIFT_ACTIVE_COMPILATION_CONDITIONS = "DEBUG $(inherited)";
				SWIFT_OPTIMIZATION_LEVEL = "-Onone";
			};
			name = Debug;
		};
		1AC9F27C2C07CCF200E36BA7 /* Release */ = {
			isa = XCBuildConfiguration;
			buildSettings = {
				ALWAYS_SEARCH_USER_PATHS = NO;
				ASSETCATALOG_COMPILER_GENERATE_SWIFT_ASSET_SYMBOL_EXTENSIONS = YES;
				CLANG_ANALYZER_NONNULL = YES;
				CLANG_ANALYZER_NUMBER_OBJECT_CONVERSION = YES_AGGRESSIVE;
				CLANG_CXX_LANGUAGE_STANDARD = "gnu++20";
				CLANG_ENABLE_MODULES = YES;
				CLANG_ENABLE_OBJC_ARC = YES;
				CLANG_ENABLE_OBJC_WEAK = YES;
				CLANG_WARN_BLOCK_CAPTURE_AUTORELEASING = YES;
				CLANG_WARN_BOOL_CONVERSION = YES;
				CLANG_WARN_COMMA = YES;
				CLANG_WARN_CONSTANT_CONVERSION = YES;
				CLANG_WARN_DEPRECATED_OBJC_IMPLEMENTATIONS = YES;
				CLANG_WARN_DIRECT_OBJC_ISA_USAGE = YES_ERROR;
				CLANG_WARN_DOCUMENTATION_COMMENTS = YES;
				CLANG_WARN_EMPTY_BODY = YES;
				CLANG_WARN_ENUM_CONVERSION = YES;
				CLANG_WARN_INFINITE_RECURSION = YES;
				CLANG_WARN_INT_CONVERSION = YES;
				CLANG_WARN_NON_LITERAL_NULL_CONVERSION = YES;
				CLANG_WARN_OBJC_IMPLICIT_RETAIN_SELF = YES;
				CLANG_WARN_OBJC_LITERAL_CONVERSION = YES;
				CLANG_WARN_OBJC_ROOT_CLASS = YES_ERROR;
				CLANG_WARN_QUOTED_INCLUDE_IN_FRAMEWORK_HEADER = YES;
				CLANG_WARN_RANGE_LOOP_ANALYSIS = YES;
				CLANG_WARN_STRICT_PROTOTYPES = YES;
				CLANG_WARN_SUSPICIOUS_MOVE = YES;
				CLANG_WARN_UNGUARDED_AVAILABILITY = YES_AGGRESSIVE;
				CLANG_WARN_UNREACHABLE_CODE = YES;
				CLANG_WARN__DUPLICATE_METHOD_MATCH = YES;
				COPY_PHASE_STRIP = NO;
				DEBUG_INFORMATION_FORMAT = "dwarf-with-dsym";
				ENABLE_NS_ASSERTIONS = NO;
				ENABLE_STRICT_OBJC_MSGSEND = YES;
				ENABLE_USER_SCRIPT_SANDBOXING = YES;
				GCC_C_LANGUAGE_STANDARD = gnu17;
				GCC_NO_COMMON_BLOCKS = YES;
				GCC_WARN_64_TO_32_BIT_CONVERSION = YES;
				GCC_WARN_ABOUT_RETURN_TYPE = YES_ERROR;
				GCC_WARN_UNDECLARED_SELECTOR = YES;
				GCC_WARN_UNINITIALIZED_AUTOS = YES_AGGRESSIVE;
				GCC_WARN_UNUSED_FUNCTION = YES;
				GCC_WARN_UNUSED_VARIABLE = YES;
				IPHONEOS_DEPLOYMENT_TARGET = 17.5;
				LOCALIZATION_PREFERS_STRING_CATALOGS = YES;
				MTL_ENABLE_DEBUG_INFO = NO;
				MTL_FAST_MATH = YES;
				SDKROOT = iphoneos;
				SWIFT_COMPILATION_MODE = wholemodule;
				VALIDATE_PRODUCT = YES;
			};
			name = Release;
		};
		1AC9F27E2C07CCF200E36BA7 /* Debug */ = {
			isa = XCBuildConfiguration;
			buildSettings = {
				ASSETCATALOG_COMPILER_APPICON_NAME = AppIcon;
				ASSETCATALOG_COMPILER_GLOBAL_ACCENT_COLOR_NAME = AccentColor;
				CODE_SIGN_STYLE = Automatic;
				CURRENT_PROJECT_VERSION = 1;
				DEVELOPMENT_ASSET_PATHS = "\"Travel/Preview Content\"";
				DEVELOPMENT_TEAM = Q2N9JMQ98Q;
				ENABLE_PREVIEWS = YES;
				GENERATE_INFOPLIST_FILE = YES;
				INFOPLIST_KEY_UIApplicationSceneManifest_Generation = YES;
				INFOPLIST_KEY_UIApplicationSupportsIndirectInputEvents = YES;
				INFOPLIST_KEY_UILaunchScreen_Generation = YES;
				INFOPLIST_KEY_UISupportedInterfaceOrientations_iPad = "UIInterfaceOrientationPortrait UIInterfaceOrientationPortraitUpsideDown UIInterfaceOrientationLandscapeLeft UIInterfaceOrientationLandscapeRight";
				INFOPLIST_KEY_UISupportedInterfaceOrientations_iPhone = "UIInterfaceOrientationPortrait UIInterfaceOrientationLandscapeLeft UIInterfaceOrientationLandscapeRight";
				LD_RUNPATH_SEARCH_PATHS = (
					"$(inherited)",
					"@executable_path/Frameworks",
				);
				MARKETING_VERSION = 1.0;
				PRODUCT_BUNDLE_IDENTIFIER = "-.Travel";
				PRODUCT_NAME = "$(TARGET_NAME)";
				SWIFT_EMIT_LOC_STRINGS = YES;
				SWIFT_VERSION = 5.0;
				TARGETED_DEVICE_FAMILY = "1,2";
			};
			name = Debug;
		};
		1AC9F27F2C07CCF200E36BA7 /* Release */ = {
			isa = XCBuildConfiguration;
			buildSettings = {
				ASSETCATALOG_COMPILER_APPICON_NAME = AppIcon;
				ASSETCATALOG_COMPILER_GLOBAL_ACCENT_COLOR_NAME = AccentColor;
				CODE_SIGN_STYLE = Automatic;
				CURRENT_PROJECT_VERSION = 1;
				DEVELOPMENT_ASSET_PATHS = "\"Travel/Preview Content\"";
				DEVELOPMENT_TEAM = Q2N9JMQ98Q;
				ENABLE_PREVIEWS = YES;
				GENERATE_INFOPLIST_FILE = YES;
				INFOPLIST_KEY_UIApplicationSceneManifest_Generation = YES;
				INFOPLIST_KEY_UIApplicationSupportsIndirectInputEvents = YES;
				INFOPLIST_KEY_UILaunchScreen_Generation = YES;
				INFOPLIST_KEY_UISupportedInterfaceOrientations_iPad = "UIInterfaceOrientationPortrait UIInterfaceOrientationPortraitUpsideDown UIInterfaceOrientationLandscapeLeft UIInterfaceOrientationLandscapeRight";
				INFOPLIST_KEY_UISupportedInterfaceOrientations_iPhone = "UIInterfaceOrientationPortrait UIInterfaceOrientationLandscapeLeft UIInterfaceOrientationLandscapeRight";
				LD_RUNPATH_SEARCH_PATHS = (
					"$(inherited)",
					"@executable_path/Frameworks",
				);
				MARKETING_VERSION = 1.0;
				PRODUCT_BUNDLE_IDENTIFIER = "-.Travel";
				PRODUCT_NAME = "$(TARGET_NAME)";
				SWIFT_EMIT_LOC_STRINGS = YES;
				SWIFT_VERSION = 5.0;
				TARGETED_DEVICE_FAMILY = "1,2";
			};
			name = Release;
		};
/* End XCBuildConfiguration section */

/* Begin XCConfigurationList section */
		1AC9F26A2C07CCF000E36BA7 /* Build configuration list for PBXProject "Travel" */ = {
			isa = XCConfigurationList;
			buildConfigurations = (
				1AC9F27B2C07CCF200E36BA7 /* Debug */,
				1AC9F27C2C07CCF200E36BA7 /* Release */,
			);
			defaultConfigurationIsVisible = 0;
			defaultConfigurationName = Release;
		};
		1AC9F27D2C07CCF200E36BA7 /* Build configuration list for PBXNativeTarget "Travel" */ = {
			isa = XCConfigurationList;
			buildConfigurations = (
				1AC9F27E2C07CCF200E36BA7 /* Debug */,
				1AC9F27F2C07CCF200E36BA7 /* Release */,
			);
			defaultConfigurationIsVisible = 0;
			defaultConfigurationName = Release;
		};
/* End XCConfigurationList section */
	};
	rootObject = 1AC9F2672C07CCF000E36BA7 /* Project object */;
}
